
Microsoft Visual Studio Solution File, Format Version 12.00
# Visual Studio Version 16
VisualStudioVersion = 16.0.29411.108
MinimumVisualStudioVersion = 10.0.40219.1
Project("{FAE04EC0-301F-11D3-BF4B-00C04F79EFBC}") = "SyncHw", "SyncHw\SyncHw.csproj", "{ADD2F89A-AD43-46E7-8FD2-5135092EFD66}"
EndProject
Global
	GlobalSection(SolutionConfigurationPlatforms) = preSolution
		Debug|Any CPU = Debug|Any CPU
		Release|Any CPU = Release|Any CPU
	EndGlobalSection
	GlobalSection(ProjectConfigurationPlatforms) = postSolution
		{ADD2F89A-AD43-46E7-8FD2-5135092EFD66}.Debug|Any CPU.ActiveCfg = Debug|Any CPU
		{ADD2F89A-AD43-46E7-8FD2-5135092EFD66}.Debug|Any CPU.Build.0 = Debug|Any CPU
		{ADD2F89A-AD43-46E7-8FD2-5135092EFD66}.Release|Any CPU.ActiveCfg = Release|Any CPU
		{ADD2F89A-AD43-46E7-8FD2-5135092EFD66}.Release|Any CPU.Build.0 = Release|Any CPU
	EndGlobalSection
	GlobalSection(SolutionProperties) = preSolution
		HideSolutionNode = FALSE
	EndGlobalSection
	GlobalSection(ExtensibilityGlobals) = postSolution
		SolutionGuid = {BBFE190B-ACD4-4B7A-BCCE-F33EB2E81902}
	EndGlobalSection
EndGlobal
